
Microsoft Visual Studio Solution File, Format Version 12.00
# Visual Studio Version 16
VisualStudioVersion = 16.0.31205.134
MinimumVisualStudioVersion = 10.0.40219.1
Project("{FAE04EC0-301F-11D3-BF4B-00C04F79EFBC}") = "labDelegatsPartTwo", "labDelegatsPartTwo\labDelegatsPartTwo.csproj", "{77D576B5-9BF3-40A9-A819-06FB8697954D}"
EndProject
Global
	GlobalSection(SolutionConfigurationPlatforms) = preSolution
		Debug|Any CPU = Debug|Any CPU
		Release|Any CPU = Release|Any CPU
	EndGlobalSection
	GlobalSection(ProjectConfigurationPlatforms) = postSolution
		{77D576B5-9BF3-40A9-A819-06FB8697954D}.Debug|Any CPU.ActiveCfg = Debug|Any CPU
		{77D576B5-9BF3-40A9-A819-06FB8697954D}.Debug|Any CPU.Build.0 = Debug|Any CPU
		{77D576B5-9BF3-40A9-A819-06FB8697954D}.Release|Any CPU.ActiveCfg = Release|Any CPU
		{77D576B5-9BF3-40A9-A819-06FB8697954D}.Release|Any CPU.Build.0 = Release|Any CPU
	EndGlobalSection
	GlobalSection(SolutionProperties) = preSolution
		HideSolutionNode = FALSE
	EndGlobalSection
	GlobalSection(ExtensibilityGlobals) = postSolution
		SolutionGuid = {33918B2B-A5DC-4AA6-8044-B60D9EDF8F90}
	EndGlobalSection
EndGlobal
